
Microsoft Visual Studio Solution File, Format Version 12.00
# Visual Studio Express 2012 for Windows Desktop
Project("{FAE04EC0-301F-11D3-BF4B-00C04F79EFBC}") = "Question3", "Question3\Question3.csproj", "{53DE1CE9-A052-45E5-84B9-02FDFA4F4DCB}"
EndProject
Global
	GlobalSection(SolutionConfigurationPlatforms) = preSolution
		Debug|Any CPU = Debug|Any CPU
		Release|Any CPU = Release|Any CPU
	EndGlobalSection
	GlobalSection(ProjectConfigurationPlatforms) = postSolution
		{53DE1CE9-A052-45E5-84B9-02FDFA4F4DCB}.Debug|Any CPU.ActiveCfg = Debug|Any CPU
		{53DE1CE9-A052-45E5-84B9-02FDFA4F4DCB}.Debug|Any CPU.Build.0 = Debug|Any CPU
		{53DE1CE9-A052-45E5-84B9-02FDFA4F4DCB}.Release|Any CPU.ActiveCfg = Release|Any CPU
		{53DE1CE9-A052-45E5-84B9-02FDFA4F4DCB}.Release|Any CPU.Build.0 = Release|Any CPU
	EndGlobalSection
	GlobalSection(SolutionProperties) = preSolution
		HideSolutionNode = FALSE
	EndGlobalSection
EndGlobal
